
Microsoft Visual Studio Solution File, Format Version 12.00
# Visual Studio Version 16
VisualStudioVersion = 16.0.32002.261
MinimumVisualStudioVersion = 10.0.40219.1
Project("{FAE04EC0-301F-11D3-BF4B-00C04F79EFBC}") = "Sinlist.API", "Sinlist.API\Sinlist.API.csproj", "{7F3C897C-70EF-4E65-98D7-A452A58E8D4E}"
EndProject
Global
	GlobalSection(SolutionConfigurationPlatforms) = preSolution
		Debug|Any CPU = Debug|Any CPU
		Release|Any CPU = Release|Any CPU
	EndGlobalSection
	GlobalSection(ProjectConfigurationPlatforms) = postSolution
		{7F3C897C-70EF-4E65-98D7-A452A58E8D4E}.Debug|Any CPU.ActiveCfg = Debug|Any CPU
		{7F3C897C-70EF-4E65-98D7-A452A58E8D4E}.Debug|Any CPU.Build.0 = Debug|Any CPU
		{7F3C897C-70EF-4E65-98D7-A452A58E8D4E}.Release|Any CPU.ActiveCfg = Release|Any CPU
		{7F3C897C-70EF-4E65-98D7-A452A58E8D4E}.Release|Any CPU.Build.0 = Release|Any CPU
	EndGlobalSection
	GlobalSection(SolutionProperties) = preSolution
		HideSolutionNode = FALSE
	EndGlobalSection
	GlobalSection(ExtensibilityGlobals) = postSolution
		SolutionGuid = {BDC017DA-A70A-46E2-A045-F630D111430A}
	EndGlobalSection
EndGlobal
